// !$*UTF8*$!
{
	archiveVersion = 1;
	classes = {
	};
	objectVersion = 77;
	objects = {

/* Begin PBXContainerItemProxy section */
		BCA2A6E22D0F242500329EB7 /* PBXContainerItemProxy */ = {
			isa = PBXContainerItemProxy;
			containerPortal = BCA2A6C92D0F242400329EB7 /* Project object */;
			proxyType = 1;
			remoteGlobalIDString = BCA2A6D02D0F242400329EB7;
			remoteInfo = ChatPrototype;
		};
		BCA2A6EC2D0F242500329EB7 /* PBXContainerItemProxy */ = {
			isa = PBXContainerItemProxy;
			containerPortal = BCA2A6C92D0F242400329EB7 /* Project object */;
			proxyType = 1;
			remoteGlobalIDString = BCA2A6D02D0F242400329EB7;
			remoteInfo = ChatPrototype;
		};
/* End PBXContainerItemProxy section */

/* Begin PBXFileReference section */
		BCA2A6D12D0F242400329EB7 /* ChatPrototype.app */ = {isa = PBXFileReference; explicitFileType = wrapper.application; includeInIndex = 0; path = ChatPrototype.app; sourceTree = BUILT_PRODUCTS_DIR; };
		BCA2A6E12D0F242500329EB7 /* ChatPrototypeTests.xctest */ = {isa = PBXFileReference; explicitFileType = wrapper.cfbundle; includeInIndex = 0; path = ChatPrototypeTests.xctest; sourceTree = BUILT_PRODUCTS_DIR; };
		BCA2A6EB2D0F242500329EB7 /* ChatPrototypeUITests.xctest */ = {isa = PBXFileReference; explicitFileType = wrapper.cfbundle; includeInIndex = 0; path = ChatPrototypeUITests.xctest; sourceTree = BUILT_PRODUCTS_DIR; };
/* End PBXFileReference section */

/* Begin PBXFileSystemSynchronizedRootGroup section */
		BCA2A6D32D0F242400329EB7 /* ChatPrototype */ = {
			isa = PBXFileSystemSynchronizedRootGroup;
			path = ChatPrototype;
			sourceTree = "<group>";
		};
		BCA2A6E42D0F242500329EB7 /* ChatPrototypeTests */ = {
			isa = PBXFileSystemSynchronizedRootGroup;
			path = ChatPrototypeTests;
			sourceTree = "<group>";
		};
		BCA2A6EE2D0F242500329EB7 /* ChatPrototypeUITests */ = {
			isa = PBXFileSystemSynchronizedRootGroup;
			path = ChatPrototypeUITests;
			sourceTree = "<group>";
		};
/* End PBXFileSystemSynchronizedRootGroup section */

/* Begin PBXFrameworksBuildPhase section */
		BCA2A6CE2D0F242400329EB7 /* Frameworks */ = {
			isa = PBXFrameworksBuildPhase;
			buildActionMask = 2147483647;
			files = (
			);
			runOnlyForDeploymentPostprocessing = 0;
		};
		BCA2A6DE2D0F242500329EB7 /* Frameworks */ = {
			isa = PBXFrameworksBuildPhase;
			buildActionMask = 2147483647;
			files = (
			);
			runOnlyForDeploymentPostprocessing = 0;
		};
		BCA2A6E82D0F242500329EB7 /* Frameworks */ = {
			isa = PBXFrameworksBuildPhase;
			buildActionMask = 2147483647;
			files = (
			);
			runOnlyForDeploymentPostprocessing = 0;
		};
/* End PBXFrameworksBuildPhase section */

/* Begin PBXGroup section */
		BCA2A6C82D0F242400329EB7 = {
			isa = PBXGroup;
			children = (
				BCA2A6D32D0F242400329EB7 /* ChatPrototype */,
				BCA2A6E42D0F242500329EB7 /* ChatPrototypeTests */,
				BCA2A6EE2D0F242500329EB7 /* ChatPrototypeUITests */,
				BCA2A6D22D0F242400329EB7 /* Products */,
			);
			sourceTree = "<group>";
		};
		BCA2A6D22D0F242400329EB7 /* Products */ = {
			isa = PBXGroup;
			children = (
				BCA2A6D12D0F242400329EB7 /* ChatPrototype.app */,
				BCA2A6E12D0F242500329EB7 /* ChatPrototypeTests.xctest */,
				BCA2A6EB2D0F242500329EB7 /* ChatPrototypeUITests.xctest */,
			);
			name = Products;
			sourceTree = "<group>";
		};
/* End PBXGroup section */

/* Begin PBXNativeTarget section */
		BCA2A6D02D0F242400329EB7 /* ChatPrototype */ = {
			isa = PBXNativeTarget;
			buildConfigurationList = BCA2A6F52D0F242500329EB7 /* Build configuration list for PBXNativeTarget "ChatPrototype" */;
			buildPhases = (
				BCA2A6CD2D0F242400329EB7 /* Sources */,
				BCA2A6CE2D0F242400329EB7 /* Frameworks */,
				BCA2A6CF2D0F242400329EB7 /* Resources */,
			);
			buildRules = (
			);
			dependencies = (
			);
			fileSystemSynchronizedGroups = (
				BCA2A6D32D0F242400329EB7 /* ChatPrototype */,
			);
			name = ChatPrototype;
			packageProductDependencies = (
			);
			productName = ChatPrototype;
			productReference = BCA2A6D12D0F242400329EB7 /* ChatPrototype.app */;
			productType = "com.apple.product-type.application";
		};
		BCA2A6E02D0F242500329EB7 /* ChatPrototypeTests */ = {
			isa = PBXNativeTarget;
			buildConfigurationList = BCA2A6F82D0F242500329EB7 /* Build configuration list for PBXNativeTarget "ChatPrototypeTests" */;
			buildPhases = (
				BCA2A6DD2D0F242500329EB7 /* Sources */,
				BCA2A6DE2D0F242500329EB7 /* Frameworks */,
				BCA2A6DF2D0F242500329EB7 /* Resources */,
			);
			buildRules = (
			);
			dependencies = (
				BCA2A6E32D0F242500329EB7 /* PBXTargetDependency */,
			);
			fileSystemSynchronizedGroups = (
				BCA2A6E42D0F242500329EB7 /* ChatPrototypeTests */,
			);
			name = ChatPrototypeTests;
			packageProductDependencies = (
			);
			productName = ChatPrototypeTests;
			productReference = BCA2A6E12D0F242500329EB7 /* ChatPrototypeTests.xctest */;
			productType = "com.apple.product-type.bundle.unit-test";
		};
		BCA2A6EA2D0F242500329EB7 /* ChatPrototypeUITests */ = {
			isa = PBXNativeTarget;
			buildConfigurationList = BCA2A6FB2D0F242500329EB7 /* Build configuration list for PBXNativeTarget "ChatPrototypeUITests" */;
			buildPhases = (
				BCA2A6E72D0F242500329EB7 /* Sources */,
				BCA2A6E82D0F242500329EB7 /* Frameworks */,
				BCA2A6E92D0F242500329EB7 /* Resources */,
			);
			buildRules = (
			);
			dependencies = (
				BCA2A6ED2D0F242500329EB7 /* PBXTargetDependency */,
			);
			fileSystemSynchronizedGroups = (
				BCA2A6EE2D0F242500329EB7 /* ChatPrototypeUITests */,
			);
			name = ChatPrototypeUITests;
			packageProductDependencies = (
			);
			productName = ChatPrototypeUITests;
			productReference = BCA2A6EB2D0F242500329EB7 /* ChatPrototypeUITests.xctest */;
			productType = "com.apple.product-type.bundle.ui-testing";
		};
/* End PBXNativeTarget section */

/* Begin PBXProject section */
		BCA2A6C92D0F242400329EB7 /* Project object */ = {
			isa = PBXProject;
			attributes = {
				BuildIndependentTargetsInParallel = 1;
				LastSwiftUpdateCheck = 1610;
				LastUpgradeCheck = 1610;
				TargetAttributes = {
					BCA2A6D02D0F242400329EB7 = {
						CreatedOnToolsVersion = 16.1;
					};
					BCA2A6E02D0F242500329EB7 = {
						CreatedOnToolsVersion = 16.1;
						TestTargetID = BCA2A6D02D0F242400329EB7;
					};
					BCA2A6EA2D0F242500329EB7 = {
						CreatedOnToolsVersion = 16.1;
						TestTargetID = BCA2A6D02D0F242400329EB7;
					};
				};
			};
			buildConfigurationList = BCA2A6CC2D0F242400329EB7 /* Build configuration list for PBXProject "ChatPrototype" */;
			developmentRegion = en;
			hasScannedForEncodings = 0;
			knownRegions = (
				en,
				Base,
			);
			mainGroup = BCA2A6C82D0F242400329EB7;
			minimizedProjectReferenceProxies = 1;
			preferredProjectObjectVersion = 77;
			productRefGroup = BCA2A6D22D0F242400329EB7 /* Products */;
			projectDirPath = "";
			projectRoot = "";
			targets = (
				BCA2A6D02D0F242400329EB7 /* ChatPrototype */,
				BCA2A6E02D0F242500329EB7 /* ChatPrototypeTests */,
				BCA2A6EA2D0F242500329EB7 /* ChatPrototypeUITests */,
			);
		};
/* End PBXProject section */

/* Begin PBXResourcesBuildPhase section */
		BCA2A6CF2D0F242400329EB7 /* Resources */ = {
			isa = PBXResourcesBuildPhase;
			buildActionMask = 2147483647;
			files = (
			);
			runOnlyForDeploymentPostprocessing = 0;
		};
		BCA2A6DF2D0F242500329EB7 /* Resources */ = {
			isa = PBXResourcesBuildPhase;
			buildActionMask = 2147483647;
			files = (
			);
			runOnlyForDeploymentPostprocessing = 0;
		};
		BCA2A6E92D0F242500329EB7 /* Resources */ = {
			isa = PBXResourcesBuildPhase;
			buildActionMask = 2147483647;
			files = (
			);
			runOnlyForDeploymentPostprocessing = 0;
		};
/* End PBXResourcesBuildPhase section */

/* Begin PBXSourcesBuildPhase section */
		BCA2A6CD2D0F242400329EB7 /* Sources */ = {
			isa = PBXSourcesBuildPhase;
			buildActionMask = 2147483647;
			files = (
			);
			runOnlyForDeploymentPostprocessing = 0;
		};
		BCA2A6DD2D0F242500329EB7 /* Sources */ = {
			isa = PBXSourcesBuildPhase;
			buildActionMask = 2147483647;
			files = (
			);
			runOnlyForDeploymentPostprocessing = 0;
		};
		BCA2A6E72D0F242500329EB7 /* Sources */ = {
			isa = PBXSourcesBuildPhase;
			buildActionMask = 2147483647;
			files = (
			);
			runOnlyForDeploymentPostprocessing = 0;
		};
/* End PBXSourcesBuildPhase section */

/* Begin PBXTargetDependency section */
		BCA2A6E32D0F242500329EB7 /* PBXTargetDependency */ = {
			isa = PBXTargetDependency;
			target = BCA2A6D02D0F242400329EB7 /* ChatPrototype */;
			targetProxy = BCA2A6E22D0F242500329EB7 /* PBXContainerItemProxy */;
		};
		BCA2A6ED2D0F242500329EB7 /* PBXTargetDependency */ = {
			isa = PBXTargetDependency;
			target = BCA2A6D02D0F242400329EB7 /* ChatPrototype */;
			targetProxy = BCA2A6EC2D0F242500329EB7 /* PBXContainerItemProxy */;
		};
/* End PBXTargetDependency section */

/* Begin XCBuildConfiguration section */
		BCA2A6F32D0F242500329EB7 /* Debug */ = {
			isa = XCBuildConfiguration;
			buildSettings = {
				ALWAYS_SEARCH_USER_PATHS = NO;
				ASSETCATALOG_COMPILER_GENERATE_SWIFT_ASSET_SYMBOL_EXTENSIONS = YES;
				CLANG_ANALYZER_NONNULL = YES;
				CLANG_ANALYZER_NUMBER_OBJECT_CONVERSION = YES_AGGRESSIVE;
				CLANG_CXX_LANGUAGE_STANDARD = "gnu++20";
				CLANG_ENABLE_MODULES = YES;
				CLANG_ENABLE_OBJC_ARC = YES;
				CLANG_ENABLE_OBJC_WEAK = YES;
				CLANG_WARN_BLOCK_CAPTURE_AUTORELEASING = YES;
				CLANG_WARN_BOOL_CONVERSION = YES;
				CLANG_WARN_COMMA = YES;
				CLANG_WARN_CONSTANT_CONVERSION = YES;
				CLANG_WARN_DEPRECATED_OBJC_IMPLEMENTATIONS = YES;
				CLANG_WARN_DIRECT_OBJC_ISA_USAGE = YES_ERROR;
				CLANG_WARN_DOCUMENTATION_COMMENTS = YES;
				CLANG_WARN_EMPTY_BODY = YES;
				CLANG_WARN_ENUM_CONVERSION = YES;
				CLANG_WARN_INFINITE_RECURSION = YES;
				CLANG_WARN_INT_CONVERSION = YES;
				CLANG_WARN_NON_LITERAL_NULL_CONVERSION = YES;
				CLANG_WARN_OBJC_IMPLICIT_RETAIN_SELF = YES;
				CLANG_WARN_OBJC_LITERAL_CONVERSION = YES;
				CLANG_WARN_OBJC_ROOT_CLASS = YES_ERROR;
				CLANG_WARN_QUOTED_INCLUDE_IN_FRAMEWORK_HEADER = YES;
				CLANG_WARN_RANGE_LOOP_ANALYSIS = YES;
				CLANG_WARN_STRICT_PROTOTYPES = YES;
				CLANG_WARN_SUSPICIOUS_MOVE = YES;
				CLANG_WARN_UNGUARDED_AVAILABILITY = YES_AGGRESSIVE;
				CLANG_WARN_UNREACHABLE_CODE = YES;
				CLANG_WARN__DUPLICATE_METHOD_MATCH = YES;
				COPY_PHASE_STRIP = NO;
				DEBUG_INFORMATION_FORMAT = dwarf;
				ENABLE_STRICT_OBJC_MSGSEND = YES;
				ENABLE_TESTABILITY = YES;
				ENABLE_USER_SCRIPT_SANDBOXING = YES;
				GCC_C_LANGUAGE_STANDARD = gnu17;
				GCC_DYNAMIC_NO_PIC = NO;
				GCC_NO_COMMON_BLOCKS = YES;
				GCC_OPTIMIZATION_LEVEL = 0;
				GCC_PREPROCESSOR_DEFINITIONS = (
					"DEBUG=1",
					"$(inherited)",
				);
				GCC_WARN_64_TO_32_BIT_CONVERSION = YES;
				GCC_WARN_ABOUT_RETURN_TYPE = YES_ERROR;
				GCC_WARN_UNDECLARED_SELECTOR = YES;
				GCC_WARN_UNINITIALIZED_AUTOS = YES_AGGRESSIVE;
				GCC_WARN_UNUSED_FUNCTION = YES;
				GCC_WARN_UNUSED_VARIABLE = YES;
				IPHONEOS_DEPLOYMENT_TARGET = 18.1;
				LOCALIZATION_PREFERS_STRING_CATALOGS = YES;
				MTL_ENABLE_DEBUG_INFO = INCLUDE_SOURCE;
				MTL_FAST_MATH = YES;
				ONLY_ACTIVE_ARCH = YES;
				SDKROOT = iphoneos;
				SWIFT_ACTIVE_COMPILATION_CONDITIONS = "DEBUG $(inherited)";
				SWIFT_OPTIMIZATION_LEVEL = "-Onone";
			};
			name = Debug;
		};
		BCA2A6F42D0F242500329EB7 /* Release */ = {
			isa = XCBuildConfiguration;
			buildSettings = {
				ALWAYS_SEARCH_USER_PATHS = NO;
				ASSETCATALOG_COMPILER_GENERATE_SWIFT_ASSET_SYMBOL_EXTENSIONS = YES;
				CLANG_ANALYZER_NONNULL = YES;
				CLANG_ANALYZER_NUMBER_OBJECT_CONVERSION = YES_AGGRESSIVE;
				CLANG_CXX_LANGUAGE_STANDARD = "gnu++20";
				CLANG_ENABLE_MODULES = YES;
				CLANG_ENABLE_OBJC_ARC = YES;
				CLANG_ENABLE_OBJC_WEAK = YES;
				CLANG_WARN_BLOCK_CAPTURE_AUTORELEASING = YES;
				CLANG_WARN_BOOL_CONVERSION = YES;
				CLANG_WARN_COMMA = YES;
				CLANG_WARN_CONSTANT_CONVERSION = YES;
				CLANG_WARN_DEPRECATED_OBJC_IMPLEMENTATIONS = YES;
				CLANG_WARN_DIRECT_OBJC_ISA_USAGE = YES_ERROR;
				CLANG_WARN_DOCUMENTATION_COMMENTS = YES;
				CLANG_WARN_EMPTY_BODY = YES;
				CLANG_WARN_ENUM_CONVERSION = YES;
				CLANG_WARN_INFINITE_RECURSION = YES;
				CLANG_WARN_INT_CONVERSION = YES;
				CLANG_WARN_NON_LITERAL_NULL_CONVERSION = YES;
				CLANG_WARN_OBJC_IMPLICIT_RETAIN_SELF = YES;
				CLANG_WARN_OBJC_LITERAL_CONVERSION = YES;
				CLANG_WARN_OBJC_ROOT_CLASS = YES_ERROR;
				CLANG_WARN_QUOTED_INCLUDE_IN_FRAMEWORK_HEADER = YES;
				CLANG_WARN_RANGE_LOOP_ANALYSIS = YES;
				CLANG_WARN_STRICT_PROTOTYPES = YES;
				CLANG_WARN_SUSPICIOUS_MOVE = YES;
				CLANG_WARN_UNGUARDED_AVAILABILITY = YES_AGGRESSIVE;
				CLANG_WARN_UNREACHABLE_CODE = YES;
				CLANG_WARN__DUPLICATE_METHOD_MATCH = YES;
				COPY_PHASE_STRIP = NO;
				DEBUG_INFORMATION_FORMAT = "dwarf-with-dsym";
				ENABLE_NS_ASSERTIONS = NO;
				ENABLE_STRICT_OBJC_MSGSEND = YES;
				ENABLE_USER_SCRIPT_SANDBOXING = YES;
				GCC_C_LANGUAGE_STANDARD = gnu17;
				GCC_NO_COMMON_BLOCKS = YES;
				GCC_WARN_64_TO_32_BIT_CONVERSION = YES;
				GCC_WARN_ABOUT_RETURN_TYPE = YES_ERROR;
				GCC_WARN_UNDECLARED_SELECTOR = YES;
				GCC_WARN_UNINITIALIZED_AUTOS = YES_AGGRESSIVE;
				GCC_WARN_UNUSED_FUNCTION = YES;
				GCC_WARN_UNUSED_VARIABLE = YES;
				IPHONEOS_DEPLOYMENT_TARGET = 18.1;
				LOCALIZATION_PREFERS_STRING_CATALOGS = YES;
				MTL_ENABLE_DEBUG_INFO = NO;
				MTL_FAST_MATH = YES;
				SDKROOT = iphoneos;
				SWIFT_COMPILATION_MODE = wholemodule;
				VALIDATE_PRODUCT = YES;
			};
			name = Release;
		};
		BCA2A6F62D0F242500329EB7 /* Debug */ = {
			isa = XCBuildConfiguration;
			buildSettings = {
				ASSETCATALOG_COMPILER_APPICON_NAME = AppIcon;
				ASSETCATALOG_COMPILER_GLOBAL_ACCENT_COLOR_NAME = AccentColor;
				CODE_SIGN_STYLE = Automatic;
				CURRENT_PROJECT_VERSION = 1;
				DEVELOPMENT_ASSET_PATHS = "\"ChatPrototype/Preview Content\"";
				DEVELOPMENT_TEAM = 2YR2T86GMR;
				ENABLE_PREVIEWS = YES;
				GENERATE_INFOPLIST_FILE = YES;
				INFOPLIST_KEY_UIApplicationSceneManifest_Generation = YES;
				INFOPLIST_KEY_UIApplicationSupportsIndirectInputEvents = YES;
				INFOPLIST_KEY_UILaunchScreen_Generation = YES;
				INFOPLIST_KEY_UISupportedInterfaceOrientations_iPad = "UIInterfaceOrientationPortrait UIInterfaceOrientationPortraitUpsideDown UIInterfaceOrientationLandscapeLeft UIInterfaceOrientationLandscapeRight";
				INFOPLIST_KEY_UISupportedInterfaceOrientations_iPhone = "UIInterfaceOrientationPortrait UIInterfaceOrientationLandscapeLeft UIInterfaceOrientationLandscapeRight";
				LD_RUNPATH_SEARCH_PATHS = (
					"$(inherited)",
					"@executable_path/Frameworks",
				);
				MARKETING_VERSION = 1.0;
				PRODUCT_BUNDLE_IDENTIFIER = doruk.ChatPrototype;
				PRODUCT_NAME = "$(TARGET_NAME)";
				SWIFT_EMIT_LOC_STRINGS = YES;
				SWIFT_VERSION = 5.0;
				TARGETED_DEVICE_FAMILY = "1,2";
			};
			name = Debug;
		};
		BCA2A6F72D0F242500329EB7 /* Release */ = {
			isa = XCBuildConfiguration;
			buildSettings = {
				ASSETCATALOG_COMPILER_APPICON_NAME = AppIcon;
				ASSETCATALOG_COMPILER_GLOBAL_ACCENT_COLOR_NAME = AccentColor;
				CODE_SIGN_STYLE = Automatic;
				CURRENT_PROJECT_VERSION = 1;
				DEVELOPMENT_ASSET_PATHS = "\"ChatPrototype/Preview Content\"";
				DEVELOPMENT_TEAM = 2YR2T86GMR;
				ENABLE_PREVIEWS = YES;
				GENERATE_INFOPLIST_FILE = YES;
				INFOPLIST_KEY_UIApplicationSceneManifest_Generation = YES;
				INFOPLIST_KEY_UIApplicationSupportsIndirectInputEvents = YES;
				INFOPLIST_KEY_UILaunchScreen_Generation = YES;
				INFOPLIST_KEY_UISupportedInterfaceOrientations_iPad = "UIInterfaceOrientationPortrait UIInterfaceOrientationPortraitUpsideDown UIInterfaceOrientationLandscapeLeft UIInterfaceOrientationLandscapeRight";
				INFOPLIST_KEY_UISupportedInterfaceOrientations_iPhone = "UIInterfaceOrientationPortrait UIInterfaceOrientationLandscapeLeft UIInterfaceOrientationLandscapeRight";
				LD_RUNPATH_SEARCH_PATHS = (
					"$(inherited)",
					"@executable_path/Frameworks",
				);
				MARKETING_VERSION = 1.0;
				PRODUCT_BUNDLE_IDENTIFIER = doruk.ChatPrototype;
				PRODUCT_NAME = "$(TARGET_NAME)";
				SWIFT_EMIT_LOC_STRINGS = YES;
				SWIFT_VERSION = 5.0;
				TARGETED_DEVICE_FAMILY = "1,2";
			};
			name = Release;
		};
		BCA2A6F92D0F242500329EB7 /* Debug */ = {
			isa = XCBuildConfiguration;
			buildSettings = {
				BUNDLE_LOADER = "$(TEST_HOST)";
				CODE_SIGN_STYLE = Automatic;
				CURRENT_PROJECT_VERSION = 1;
				DEVELOPMENT_TEAM = 2YR2T86GMR;
				GENERATE_INFOPLIST_FILE = YES;
				IPHONEOS_DEPLOYMENT_TARGET = 18.1;
				MARKETING_VERSION = 1.0;
				PRODUCT_BUNDLE_IDENTIFIER = doruk.ChatPrototypeTests;
				PRODUCT_NAME = "$(TARGET_NAME)";
				SWIFT_EMIT_LOC_STRINGS = NO;
				SWIFT_VERSION = 5.0;
				TARGETED_DEVICE_FAMILY = "1,2";
				TEST_HOST = "$(BUILT_PRODUCTS_DIR)/ChatPrototype.app/$(BUNDLE_EXECUTABLE_FOLDER_PATH)/ChatPrototype";
			};
			name = Debug;
		};
		BCA2A6FA2D0F242500329EB7 /* Release */ = {
			isa = XCBuildConfiguration;
			buildSettings = {
				BUNDLE_LOADER = "$(TEST_HOST)";
				CODE_SIGN_STYLE = Automatic;
				CURRENT_PROJECT_VERSION = 1;
				DEVELOPMENT_TEAM = 2YR2T86GMR;
				GENERATE_INFOPLIST_FILE = YES;
				IPHONEOS_DEPLOYMENT_TARGET = 18.1;
				MARKETING_VERSION = 1.0;
				PRODUCT_BUNDLE_IDENTIFIER = doruk.ChatPrototypeTests;
				PRODUCT_NAME = "$(TARGET_NAME)";
				SWIFT_EMIT_LOC_STRINGS = NO;
				SWIFT_VERSION = 5.0;
				TARGETED_DEVICE_FAMILY = "1,2";
				TEST_HOST = "$(BUILT_PRODUCTS_DIR)/ChatPrototype.app/$(BUNDLE_EXECUTABLE_FOLDER_PATH)/ChatPrototype";
			};
			name = Release;
		};
		BCA2A6FC2D0F242500329EB7 /* Debug */ = {
			isa = XCBuildConfiguration;
			buildSettings = {
				CODE_SIGN_STYLE = Automatic;
				CURRENT_PROJECT_VERSION = 1;
				DEVELOPMENT_TEAM = 2YR2T86GMR;
				GENERATE_INFOPLIST_FILE = YES;
				MARKETING_VERSION = 1.0;
				PRODUCT_BUNDLE_IDENTIFIER = doruk.ChatPrototypeUITests;
				PRODUCT_NAME = "$(TARGET_NAME)";
				SWIFT_EMIT_LOC_STRINGS = NO;
				SWIFT_VERSION = 5.0;
				TARGETED_DEVICE_FAMILY = "1,2";
				TEST_TARGET_NAME = ChatPrototype;
			};
			name = Debug;
		};
		BCA2A6FD2D0F242500329EB7 /* Release */ = {
			isa = XCBuildConfiguration;
			buildSettings = {
				CODE_SIGN_STYLE = Automatic;
				CURRENT_PROJECT_VERSION = 1;
				DEVELOPMENT_TEAM = 2YR2T86GMR;
				GENERATE_INFOPLIST_FILE = YES;
				MARKETING_VERSION = 1.0;
				PRODUCT_BUNDLE_IDENTIFIER = doruk.ChatPrototypeUITests;
				PRODUCT_NAME = "$(TARGET_NAME)";
				SWIFT_EMIT_LOC_STRINGS = NO;
				SWIFT_VERSION = 5.0;
				TARGETED_DEVICE_FAMILY = "1,2";
				TEST_TARGET_NAME = ChatPrototype;
			};
			name = Release;
		};
/* End XCBuildConfiguration section */

/* Begin XCConfigurationList section */
		BCA2A6CC2D0F242400329EB7 /* Build configuration list for PBXProject "ChatPrototype" */ = {
			isa = XCConfigurationList;
			buildConfigurations = (
				BCA2A6F32D0F242500329EB7 /* Debug */,
				BCA2A6F42D0F242500329EB7 /* Release */,
			);
			defaultConfigurationIsVisible = 0;
			defaultConfigurationName = Release;
		};
		BCA2A6F52D0F242500329EB7 /* Build configuration list for PBXNativeTarget "ChatPrototype" */ = {
			isa = XCConfigurationList;
			buildConfigurations = (
				BCA2A6F62D0F242500329EB7 /* Debug */,
				BCA2A6F72D0F242500329EB7 /* Release */,
			);
			defaultConfigurationIsVisible = 0;
			defaultConfigurationName = Release;
		};
		BCA2A6F82D0F242500329EB7 /* Build configuration list for PBXNativeTarget "ChatPrototypeTests" */ = {
			isa = XCConfigurationList;
			buildConfigurations = (
				BCA2A6F92D0F242500329EB7 /* Debug */,
				BCA2A6FA2D0F242500329EB7 /* Release */,
			);
			defaultConfigurationIsVisible = 0;
			defaultConfigurationName = Release;
		};
		BCA2A6FB2D0F242500329EB7 /* Build configuration list for PBXNativeTarget "ChatPrototypeUITests" */ = {
			isa = XCConfigurationList;
			buildConfigurations = (
				BCA2A6FC2D0F242500329EB7 /* Debug */,
				BCA2A6FD2D0F242500329EB7 /* Release */,
			);
			defaultConfigurationIsVisible = 0;
			defaultConfigurationName = Release;
		};
/* End XCConfigurationList section */
	};
	rootObject = BCA2A6C92D0F242400329EB7 /* Project object */;
}
